Microsoft Visual Studio Solution File, Format Version 12.00
# Visual Studio Version 17
VisualStudioVersion = 17.5.2.0
MinimumVisualStudioVersion = 10.0.40219.1
Project("{FAE04EC0-301F-11D3-BF4B-00C04F79EFBC}") = "HumanResourcesApi", "HumanResourcesApi.csproj", "{3C63EC4B-8D9A-4EB9-51CB-F8333D4493EE}"
EndProject
Global
	GlobalSection(SolutionConfigurationPlatforms) = preSolution
		Debug|Any CPU = Debug|Any CPU
		Release|Any CPU = Release|Any CPU
	EndGlobalSection
	GlobalSection(ProjectConfigurationPlatforms) = postSolution
		{3C63EC4B-8D9A-4EB9-51CB-F8333D4493EE}.Debug|Any CPU.ActiveCfg = Debug|Any CPU
		{3C63EC4B-8D9A-4EB9-51CB-F8333D4493EE}.Debug|Any CPU.Build.0 = Debug|Any CPU
		{3C63EC4B-8D9A-4EB9-51CB-F8333D4493EE}.Release|Any CPU.ActiveCfg = Release|Any CPU
		{3C63EC4B-8D9A-4EB9-51CB-F8333D4493EE}.Release|Any CPU.Build.0 = Release|Any CPU
	EndGlobalSection
	GlobalSection(SolutionProperties) = preSolution
		HideSolutionNode = FALSE
	EndGlobalSection
	GlobalSection(ExtensibilityGlobals) = postSolution
		SolutionGuid = {94A8FFE8-BC18-47FC-833C-3F838AE6F257}
	EndGlobalSection
EndGlobal
